<?xml version="1.0" encoding="UTF-8"?>
<CONFIG>
  <ProjectOptions>
    <Version Value="12"/>
    <PathDelim Value="\"/>
    <General>
      <SessionStorage Value="InProjectDir"/>
      <Title Value="atendimento"/>
      <Scaled Value="True"/>
      <ResourceType Value="res"/>
      <UseXPManifest Value="True"/>
      <XPManifest>
        <DpiAware Value="True"/>
      </XPManifest>
      <Icon Value="0"/>
    </General>
    <VersionInfo>
      <UseVersionInfo Value="True"/>
      <AutoIncrementBuild Value="True"/>
      <MajorVersionNr Value="1"/>
      <Language Value="0416"/>
    </VersionInfo>
    <BuildModes>
      <Item Name="Default" Default="True"/>
    </BuildModes>
    <PublishOptions>
      <Version Value="2"/>
      <UseFileFilters Value="True"/>
    </PublishOptions>
    <RunParams>
      <FormatVersion Value="2"/>
    </RunParams>
    <RequiredPackages>
      <Item>
        <PackageName Value="LCL"/>
      </Item>
    </RequiredPackages>
    <Units>
      <Unit>
        <Filename Value="atendimento.lpr"/>
        <IsPartOfProject Value="True"/>
      </Unit>
      <Unit>
        <Filename Value="view\viewmenu.pas"/>
        <IsPartOfProject Value="True"/>
        <ComponentName Value="frmMenu"/>
        <HasResources Value="True"/>
        <ResourceBaseClass Value="Form"/>
        <UnitName Value="viewMenu"/>
      </Unit>
      <Unit>
        <Filename Value="model\dto\setordto.pas"/>
        <IsPartOfProject Value="True"/>
        <UnitName Value="SetorDTO"/>
      </Unit>
      <Unit>
        <Filename Value="model\dto\orgaodto.pas"/>
        <IsPartOfProject Value="True"/>
        <UnitName Value="OrgaoDTO"/>
      </Unit>
      <Unit>
        <Filename Value="view\viewdefault.pas"/>
        <IsPartOfProject Value="True"/>
        <ComponentName Value="frmDefault"/>
        <HasResources Value="True"/>
        <ResourceBaseClass Value="Form"/>
        <UnitName Value="viewDefault"/>
      </Unit>
      <Unit>
        <Filename Value="view\viewfuncionario.pas"/>
        <IsPartOfProject Value="True"/>
        <ComponentName Value="frmFuncionario"/>
        <HasResources Value="True"/>
        <ResourceBaseClass Value="Form"/>
        <UnitName Value="viewFuncionario"/>
      </Unit>
      <Unit>
        <Filename Value="view\viewsetor.pas"/>
        <IsPartOfProject Value="True"/>
        <ComponentName Value="frmSetor"/>
        <HasResources Value="True"/>
        <ResourceBaseClass Value="Form"/>
        <UnitName Value="viewSetor"/>
      </Unit>
      <Unit>
        <Filename Value="view\viewvisitantes.pas"/>
        <IsPartOfProject Value="True"/>
        <ComponentName Value="frmVisitantes"/>
        <HasResources Value="True"/>
        <ResourceBaseClass Value="Form"/>
        <UnitName Value="viewVisitantes"/>
      </Unit>
    </Units>
  </ProjectOptions>
  <CompilerOptions>
    <Version Value="11"/>
    <PathDelim Value="\"/>
    <Target>
      <Filename Value="atendimento"/>
    </Target>
    <SearchPaths>
      <IncludeFiles Value="$(ProjOutDir)"/>
      <OtherUnitFiles Value="view;model\dto"/>
      <UnitOutputDirectory Value="lib\$(TargetCPU)-$(TargetOS)"/>
    </SearchPaths>
    <Linking>
      <Debugging>
        <DebugInfoType Value="dsDwarf2"/>
      </Debugging>
      <Options>
        <Win32>
          <GraphicApplication Value="True"/>
        </Win32>
      </Options>
    </Linking>
  </CompilerOptions>
  <Debugging>
    <Exceptions>
      <Item>
        <Name Value="EAbort"/>
      </Item>
      <Item>
        <Name Value="ECodetoolError"/>
      </Item>
      <Item>
        <Name Value="EFOpenError"/>
      </Item>
    </Exceptions>
  </Debugging>
</CONFIG>
